
Microsoft Visual Studio Solution File, Format Version 12.00
# Visual Studio Version 17
VisualStudioVersion = 17.3.32929.385
MinimumVisualStudioVersion = 10.0.40219.1
Project("{FAE04EC0-301F-11D3-BF4B-00C04F79EFBC}") = "RabbitMQClient", "RabbitMQClient.csproj", "{C3230874-5DD0-4D30-8F43-BDF347E14DE2}"
EndProject
Project("{FAE04EC0-301F-11D3-BF4B-00C04F79EFBC}") = "ClientLibrary", "..\ClientLibrary\ClientLibrary.csproj", "{DC0A9A62-11C2-4AD2-986C-35339480A403}"
EndProject
Project("{FAE04EC0-301F-11D3-BF4B-00C04F79EFBC}") = "MQAPI", "..\MQAPI\MQAPI.csproj", "{EAA86D45-24E7-419F-883B-7BA5EDFE7B4E}"
EndProject
Global
	GlobalSection(SolutionConfigurationPlatforms) = preSolution
		Debug|Any CPU = Debug|Any CPU
		Release|Any CPU = Release|Any CPU
	EndGlobalSection
	GlobalSection(ProjectConfigurationPlatforms) = postSolution
		{C3230874-5DD0-4D30-8F43-BDF347E14DE2}.Debug|Any CPU.ActiveCfg = Debug|Any CPU
		{C3230874-5DD0-4D30-8F43-BDF347E14DE2}.Debug|Any CPU.Build.0 = Debug|Any CPU
		{C3230874-5DD0-4D30-8F43-BDF347E14DE2}.Release|Any CPU.ActiveCfg = Release|Any CPU
		{C3230874-5DD0-4D30-8F43-BDF347E14DE2}.Release|Any CPU.Build.0 = Release|Any CPU
		{DC0A9A62-11C2-4AD2-986C-35339480A403}.Debug|Any CPU.ActiveCfg = Debug|Any CPU
		{DC0A9A62-11C2-4AD2-986C-35339480A403}.Debug|Any CPU.Build.0 = Debug|Any CPU
		{DC0A9A62-11C2-4AD2-986C-35339480A403}.Release|Any CPU.ActiveCfg = Release|Any CPU
		{DC0A9A62-11C2-4AD2-986C-35339480A403}.Release|Any CPU.Build.0 = Release|Any CPU
		{EAA86D45-24E7-419F-883B-7BA5EDFE7B4E}.Debug|Any CPU.ActiveCfg = Debug|Any CPU
		{EAA86D45-24E7-419F-883B-7BA5EDFE7B4E}.Debug|Any CPU.Build.0 = Debug|Any CPU
		{EAA86D45-24E7-419F-883B-7BA5EDFE7B4E}.Release|Any CPU.ActiveCfg = Release|Any CPU
		{EAA86D45-24E7-419F-883B-7BA5EDFE7B4E}.Release|Any CPU.Build.0 = Release|Any CPU
	EndGlobalSection
	GlobalSection(SolutionProperties) = preSolution
		HideSolutionNode = FALSE
	EndGlobalSection
	GlobalSection(ExtensibilityGlobals) = postSolution
		SolutionGuid = {679065C1-9A13-4BA0-BCD4-7A1F17169280}
	EndGlobalSection
EndGlobal
